{
  "originHash" : "abc4e47af32708a628fbc885248cfd5ca35417cdb5f921a151f61ffbf74438e0",
  "pins" : [
    {
      "identity" : "yams",
      "kind" : "remoteSourceControl",
      "location" : "https://github.com/jpsim/Yams.git",
      "state" : {
        "revision" : "51b5127c7fb6ffac106ad6d199aaa33c5024895f",
        "version" : "6.2.0"
      }
    }
  ],
  "version" : 3
}
